
Microsoft Visual Studio Solution File, Format Version 12.00
# Visual Studio Version 17
VisualStudioVersion = 17.2.32630.192
MinimumVisualStudioVersion = 10.0.40219.1
Project("{FAE04EC0-301F-11D3-BF4B-00C04F79EFBC}") = "WebAppPluginArch.API", "WebAppPluginArch.API\WebAppPluginArch.API.csproj", "{43F0E50B-3FE6-4F1E-8811-DB59373B03F0}"
EndProject
Project("{FAE04EC0-301F-11D3-BF4B-00C04F79EFBC}") = "WebAppPluginArch.PluginOne", "WebAppPluginArch.PluginOne\WebAppPluginArch.PluginOne.csproj", "{2F9DFEED-2FD8-4740-B118-3A6706668C8A}"
EndProject
Project("{FAE04EC0-301F-11D3-BF4B-00C04F79EFBC}") = "WebAppPluginArch.Shared", "WebAppPluginArch.Shared\WebAppPluginArch.Shared.csproj", "{89BDE0B5-F2A1-42EE-991B-C4ECB704F6D2}"
EndProject
Global
	GlobalSection(SolutionConfigurationPlatforms) = preSolution
		Debug|Any CPU = Debug|Any CPU
		Release|Any CPU = Release|Any CPU
	EndGlobalSection
	GlobalSection(ProjectConfigurationPlatforms) = postSolution
		{43F0E50B-3FE6-4F1E-8811-DB59373B03F0}.Debug|Any CPU.ActiveCfg = Debug|Any CPU
		{43F0E50B-3FE6-4F1E-8811-DB59373B03F0}.Debug|Any CPU.Build.0 = Debug|Any CPU
		{43F0E50B-3FE6-4F1E-8811-DB59373B03F0}.Release|Any CPU.ActiveCfg = Release|Any CPU
		{43F0E50B-3FE6-4F1E-8811-DB59373B03F0}.Release|Any CPU.Build.0 = Release|Any CPU
		{2F9DFEED-2FD8-4740-B118-3A6706668C8A}.Debug|Any CPU.ActiveCfg = Debug|Any CPU
		{2F9DFEED-2FD8-4740-B118-3A6706668C8A}.Debug|Any CPU.Build.0 = Debug|Any CPU
		{2F9DFEED-2FD8-4740-B118-3A6706668C8A}.Release|Any CPU.ActiveCfg = Release|Any CPU
		{2F9DFEED-2FD8-4740-B118-3A6706668C8A}.Release|Any CPU.Build.0 = Release|Any CPU
		{89BDE0B5-F2A1-42EE-991B-C4ECB704F6D2}.Debug|Any CPU.ActiveCfg = Debug|Any CPU
		{89BDE0B5-F2A1-42EE-991B-C4ECB704F6D2}.Debug|Any CPU.Build.0 = Debug|Any CPU
		{89BDE0B5-F2A1-42EE-991B-C4ECB704F6D2}.Release|Any CPU.ActiveCfg = Release|Any CPU
		{89BDE0B5-F2A1-42EE-991B-C4ECB704F6D2}.Release|Any CPU.Build.0 = Release|Any CPU
	EndGlobalSection
	GlobalSection(SolutionProperties) = preSolution
		HideSolutionNode = FALSE
	EndGlobalSection
	GlobalSection(ExtensibilityGlobals) = postSolution
		SolutionGuid = {897A1F34-47D9-4C58-8D41-4DA4B73F02F2}
	EndGlobalSection
EndGlobal
